// !$*UTF8*$!
{
	archiveVersion = 1;
	classes = {
	};
	objectVersion = 46;
	objects = {

/* Begin PBXBuildFile section */
		2C4565551DAF548C00E30237 /* TestCell1.swift in Sources */ = {isa = PBXBuildFile; fileRef = 2C4565531DAF548C00E30237 /* TestCell1.swift */; };
		2C4565561DAF548C00E30237 /* TestCell1.xib in Resources */ = {isa = PBXBuildFile; fileRef = 2C4565541DAF548C00E30237 /* TestCell1.xib */; };
		2C4565591DAF579600E30237 /* TestCell2.swift in Sources */ = {isa = PBXBuildFile; fileRef = 2C4565571DAF579600E30237 /* TestCell2.swift */; };
		2C45655A1DAF579600E30237 /* TestCell2.xib in Resources */ = {isa = PBXBuildFile; fileRef = 2C4565581DAF579600E30237 /* TestCell2.xib */; };
		2C45655C1DAF57AF00E30237 /* CustomView.swift in Sources */ = {isa = PBXBuildFile; fileRef = 2C45655B1DAF57AF00E30237 /* CustomView.swift */; };
		2C6FCC371DAF4AC500DA3B98 /* AppDelegate.swift in Sources */ = {isa = PBXBuildFile; fileRef = 2C6FCC361DAF4AC500DA3B98 /* AppDelegate.swift */; };
		2C6FCC391DAF4AC500DA3B98 /* ViewController.swift in Sources */ = {isa = PBXBuildFile; fileRef = 2C6FCC381DAF4AC500DA3B98 /* ViewController.swift */; };
		2C6FCC3C1DAF4AC500DA3B98 /* Main.storyboard in Resources */ = {isa = PBXBuildFile; fileRef = 2C6FCC3A1DAF4AC500DA3B98 /* Main.storyboard */; };
		2C6FCC3E1DAF4AC500DA3B98 /* Assets.xcassets in Resources */ = {isa = PBXBuildFile; fileRef = 2C6FCC3D1DAF4AC500DA3B98 /* Assets.xcassets */; };
		2C6FCC411DAF4AC500DA3B98 /* LaunchScreen.storyboard in Resources */ = {isa = PBXBuildFile; fileRef = 2C6FCC3F1DAF4AC500DA3B98 /* LaunchScreen.storyboard */; };
/* End PBXBuildFile section */

/* Begin PBXFileReference section */
		2C4565531DAF548C00E30237 /* TestCell1.swift */ = {isa = PBXFileReference; fileEncoding = 4; lastKnownFileType = sourcecode.swift; path = TestCell1.swift; sourceTree = "<group>"; };
		2C4565541DAF548C00E30237 /* TestCell1.xib */ = {isa = PBXFileReference; fileEncoding = 4; lastKnownFileType = file.xib; path = TestCell1.xib; sourceTree = "<group>"; };
		2C4565571DAF579600E30237 /* TestCell2.swift */ = {isa = PBXFileReference; fileEncoding = 4; lastKnownFileType = sourcecode.swift; path = TestCell2.swift; sourceTree = "<group>"; };
		2C4565581DAF579600E30237 /* TestCell2.xib */ = {isa = PBXFileReference; fileEncoding = 4; lastKnownFileType = file.xib; path = TestCell2.xib; sourceTree = "<group>"; };
		2C45655B1DAF57AF00E30237 /* CustomView.swift */ = {isa = PBXFileReference; fileEncoding = 4; lastKnownFileType = sourcecode.swift; path = CustomView.swift; sourceTree = "<group>"; };
		2C6FCC331DAF4AC500DA3B98 /* TableVew Dynamic Height Cell Tests.app */ = {isa = PBXFileReference; explicitFileType = wrapper.application; includeInIndex = 0; path = "TableVew Dynamic Height Cell Tests.app"; sourceTree = BUILT_PRODUCTS_DIR; };
		2C6FCC361DAF4AC500DA3B98 /* AppDelegate.swift */ = {isa = PBXFileReference; lastKnownFileType = sourcecode.swift; path = AppDelegate.swift; sourceTree = "<group>"; };
		2C6FCC381DAF4AC500DA3B98 /* ViewController.swift */ = {isa = PBXFileReference; lastKnownFileType = sourcecode.swift; path = ViewController.swift; sourceTree = "<group>"; };
		2C6FCC3B1DAF4AC500DA3B98 /* Base */ = {isa = PBXFileReference; lastKnownFileType = file.storyboard; name = Base; path = Base.lproj/Main.storyboard; sourceTree = "<group>"; };
		2C6FCC3D1DAF4AC500DA3B98 /* Assets.xcassets */ = {isa = PBXFileReference; lastKnownFileType = folder.assetcatalog; path = Assets.xcassets; sourceTree = "<group>"; };
		2C6FCC401DAF4AC500DA3B98 /* Base */ = {isa = PBXFileReference; lastKnownFileType = file.storyboard; name = Base; path = Base.lproj/LaunchScreen.storyboard; sourceTree = "<group>"; };
		2C6FCC421DAF4AC500DA3B98 /* Info.plist */ = {isa = PBXFileReference; lastKnownFileType = text.plist.xml; path = Info.plist; sourceTree = "<group>"; };
/* End PBXFileReference section */

/* Begin PBXFrameworksBuildPhase section */
		2C6FCC301DAF4AC500DA3B98 /* Frameworks */ = {
			isa = PBXFrameworksBuildPhase;
			buildActionMask = 2147483647;
			files = (
			);
			runOnlyForDeploymentPostprocessing = 0;
		};
/* End PBXFrameworksBuildPhase section */

/* Begin PBXGroup section */
		2C6FCC2A1DAF4AC500DA3B98 = {
			isa = PBXGroup;
			children = (
				2C6FCC351DAF4AC500DA3B98 /* TableVew Dynamic Height Cell Tests */,
				2C6FCC341DAF4AC500DA3B98 /* Products */,
			);
			sourceTree = "<group>";
		};
		2C6FCC341DAF4AC500DA3B98 /* Products */ = {
			isa = PBXGroup;
			children = (
				2C6FCC331DAF4AC500DA3B98 /* TableVew Dynamic Height Cell Tests.app */,
			);
			name = Products;
			sourceTree = "<group>";
		};
		2C6FCC351DAF4AC500DA3B98 /* TableVew Dynamic Height Cell Tests */ = {
			isa = PBXGroup;
			children = (
				2C6FCC361DAF4AC500DA3B98 /* AppDelegate.swift */,
				2C6FCC381DAF4AC500DA3B98 /* ViewController.swift */,
				2C6FCC3A1DAF4AC500DA3B98 /* Main.storyboard */,
				2C6FCC3D1DAF4AC500DA3B98 /* Assets.xcassets */,
				2C6FCC3F1DAF4AC500DA3B98 /* LaunchScreen.storyboard */,
				2C6FCC421DAF4AC500DA3B98 /* Info.plist */,
				2C4565531DAF548C00E30237 /* TestCell1.swift */,
				2C4565541DAF548C00E30237 /* TestCell1.xib */,
				2C4565571DAF579600E30237 /* TestCell2.swift */,
				2C4565581DAF579600E30237 /* TestCell2.xib */,
				2C45655B1DAF57AF00E30237 /* CustomView.swift */,
			);
			path = "TableVew Dynamic Height Cell Tests";
			sourceTree = "<group>";
		};
/* End PBXGroup section */

/* Begin PBXNativeTarget section */
		2C6FCC321DAF4AC500DA3B98 /* TableVew Dynamic Height Cell Tests */ = {
			isa = PBXNativeTarget;
			buildConfigurationList = 2C6FCC451DAF4AC500DA3B98 /* Build configuration list for PBXNativeTarget "TableVew Dynamic Height Cell Tests" */;
			buildPhases = (
				2C6FCC2F1DAF4AC500DA3B98 /* Sources */,
				2C6FCC301DAF4AC500DA3B98 /* Frameworks */,
				2C6FCC311DAF4AC500DA3B98 /* Resources */,
			);
			buildRules = (
			);
			dependencies = (
			);
			name = "TableVew Dynamic Height Cell Tests";
			productName = "TableVew Dynamic Height Cell Tests";
			productReference = 2C6FCC331DAF4AC500DA3B98 /* TableVew Dynamic Height Cell Tests.app */;
			productType = "com.apple.product-type.application";
		};
/* End PBXNativeTarget section */

/* Begin PBXProject section */
		2C6FCC2B1DAF4AC500DA3B98 /* Project object */ = {
			isa = PBXProject;
			attributes = {
				LastSwiftUpdateCheck = 0730;
				LastUpgradeCheck = 0730;
				ORGANIZATIONNAME = Yandex;
				TargetAttributes = {
					2C6FCC321DAF4AC500DA3B98 = {
						CreatedOnToolsVersion = 7.3.1;
						DevelopmentTeam = 6G54R67L3J;
					};
				};
			};
			buildConfigurationList = 2C6FCC2E1DAF4AC500DA3B98 /* Build configuration list for PBXProject "TableVew Dynamic Height Cell Tests" */;
			compatibilityVersion = "Xcode 3.2";
			developmentRegion = English;
			hasScannedForEncodings = 0;
			knownRegions = (
				en,
				Base,
			);
			mainGroup = 2C6FCC2A1DAF4AC500DA3B98;
			productRefGroup = 2C6FCC341DAF4AC500DA3B98 /* Products */;
			projectDirPath = "";
			projectRoot = "";
			targets = (
				2C6FCC321DAF4AC500DA3B98 /* TableVew Dynamic Height Cell Tests */,
			);
		};
/* End PBXProject section */

/* Begin PBXResourcesBuildPhase section */
		2C6FCC311DAF4AC500DA3B98 /* Resources */ = {
			isa = PBXResourcesBuildPhase;
			buildActionMask = 2147483647;
			files = (
				2C6FCC411DAF4AC500DA3B98 /* LaunchScreen.storyboard in Resources */,
				2C6FCC3E1DAF4AC500DA3B98 /* Assets.xcassets in Resources */,
				2C6FCC3C1DAF4AC500DA3B98 /* Main.storyboard in Resources */,
				2C4565561DAF548C00E30237 /* TestCell1.xib in Resources */,
				2C45655A1DAF579600E30237 /* TestCell2.xib in Resources */,
			);
			runOnlyForDeploymentPostprocessing = 0;
		};
/* End PBXResourcesBuildPhase section */

/* Begin PBXSourcesBuildPhase section */
		2C6FCC2F1DAF4AC500DA3B98 /* Sources */ = {
			isa = PBXSourcesBuildPhase;
			buildActionMask = 2147483647;
			files = (
				2C45655C1DAF57AF00E30237 /* CustomView.swift in Sources */,
				2C4565591DAF579600E30237 /* TestCell2.swift in Sources */,
				2C6FCC391DAF4AC500DA3B98 /* ViewController.swift in Sources */,
				2C6FCC371DAF4AC500DA3B98 /* AppDelegate.swift in Sources */,
				2C4565551DAF548C00E30237 /* TestCell1.swift in Sources */,
			);
			runOnlyForDeploymentPostprocessing = 0;
		};
/* End PBXSourcesBuildPhase section */

/* Begin PBXVariantGroup section */
		2C6FCC3A1DAF4AC500DA3B98 /* Main.storyboard */ = {
			isa = PBXVariantGroup;
			children = (
				2C6FCC3B1DAF4AC500DA3B98 /* Base */,
			);
			name = Main.storyboard;
			sourceTree = "<group>";
		};
		2C6FCC3F1DAF4AC500DA3B98 /* LaunchScreen.storyboard */ = {
			isa = PBXVariantGroup;
			children = (
				2C6FCC401DAF4AC500DA3B98 /* Base */,
			);
			name = LaunchScreen.storyboard;
			sourceTree = "<group>";
		};
/* End PBXVariantGroup section */

/* Begin XCBuildConfiguration section */
		2C6FCC431DAF4AC500DA3B98 /* Debug */ = {
			isa = XCBuildConfiguration;
			buildSettings = {
				ALWAYS_SEARCH_USER_PATHS = NO;
				CLANG_ANALYZER_NONNULL = YES;
				CLANG_CXX_LANGUAGE_STANDARD = "gnu++0x";
				CLANG_CXX_LIBRARY = "libc++";
				CLANG_ENABLE_MODULES = YES;
				CLANG_ENABLE_OBJC_ARC = YES;
				CLANG_WARN_BOOL_CONVERSION = YES;
				CLANG_WARN_CONSTANT_CONVERSION = YES;
				CLANG_WARN_DIRECT_OBJC_ISA_USAGE = YES_ERROR;
				CLANG_WARN_EMPTY_BODY = YES;
				CLANG_WARN_ENUM_CONVERSION = YES;
				CLANG_WARN_INT_CONVERSION = YES;
				CLANG_WARN_OBJC_ROOT_CLASS = YES_ERROR;
				CLANG_WARN_UNREACHABLE_CODE = YES;
				CLANG_WARN__DUPLICATE_METHOD_MATCH = YES;
				"CODE_SIGN_IDENTITY[sdk=iphoneos*]" = "iPhone Developer";
				COPY_PHASE_STRIP = NO;
				DEBUG_INFORMATION_FORMAT = dwarf;
				ENABLE_STRICT_OBJC_MSGSEND = YES;
				ENABLE_TESTABILITY = YES;
				GCC_C_LANGUAGE_STANDARD = gnu99;
				GCC_DYNAMIC_NO_PIC = NO;
				GCC_NO_COMMON_BLOCKS = YES;
				GCC_OPTIMIZATION_LEVEL = 0;
				GCC_PREPROCESSOR_DEFINITIONS = (
					"DEBUG=1",
					"$(inherited)",
				);
				GCC_WARN_64_TO_32_BIT_CONVERSION = YES;
				GCC_WARN_ABOUT_RETURN_TYPE = YES_ERROR;
				GCC_WARN_UNDECLARED_SELECTOR = YES;
				GCC_WARN_UNINITIALIZED_AUTOS = YES_AGGRESSIVE;
				GCC_WARN_UNUSED_FUNCTION = YES;
				GCC_WARN_UNUSED_VARIABLE = YES;
				IPHONEOS_DEPLOYMENT_TARGET = 9.3;
				MTL_ENABLE_DEBUG_INFO = YES;
				ONLY_ACTIVE_ARCH = YES;
				SDKROOT = iphoneos;
				SWIFT_OPTIMIZATION_LEVEL = "-Onone";
				TARGETED_DEVICE_FAMILY = "1,2";
			};
			name = Debug;
		};
		2C6FCC441DAF4AC500DA3B98 /* Release */ = {
			isa = XCBuildConfiguration;
			buildSettings = {
				ALWAYS_SEARCH_USER_PATHS = NO;
				CLANG_ANALYZER_NONNULL = YES;
				CLANG_CXX_LANGUAGE_STANDARD = "gnu++0x";
				CLANG_CXX_LIBRARY = "libc++";
				CLANG_ENABLE_MODULES = YES;
				CLANG_ENABLE_OBJC_ARC = YES;
				CLANG_WARN_BOOL_CONVERSION = YES;
				CLANG_WARN_CONSTANT_CONVERSION = YES;
				CLANG_WARN_DIRECT_OBJC_ISA_USAGE = YES_ERROR;
				CLANG_WARN_EMPTY_BODY = YES;
				CLANG_WARN_ENUM_CONVERSION = YES;
				CLANG_WARN_INT_CONVERSION = YES;
				CLANG_WARN_OBJC_ROOT_CLASS = YES_ERROR;
				CLANG_WARN_UNREACHABLE_CODE = YES;
				CLANG_WARN__DUPLICATE_METHOD_MATCH = YES;
				"CODE_SIGN_IDENTITY[sdk=iphoneos*]" = "iPhone Developer";
				COPY_PHASE_STRIP = NO;
				DEBUG_INFORMATION_FORMAT = "dwarf-with-dsym";
				ENABLE_NS_ASSERTIONS = NO;
				ENABLE_STRICT_OBJC_MSGSEND = YES;
				GCC_C_LANGUAGE_STANDARD = gnu99;
				GCC_NO_COMMON_BLOCKS = YES;
				GCC_WARN_64_TO_32_BIT_CONVERSION = YES;
				GCC_WARN_ABOUT_RETURN_TYPE = YES_ERROR;
				GCC_WARN_UNDECLARED_SELECTOR = YES;
				GCC_WARN_UNINITIALIZED_AUTOS = YES_AGGRESSIVE;
				GCC_WARN_UNUSED_FUNCTION = YES;
				GCC_WARN_UNUSED_VARIABLE = YES;
				IPHONEOS_DEPLOYMENT_TARGET = 9.3;
				MTL_ENABLE_DEBUG_INFO = NO;
				SDKROOT = iphoneos;
				TARGETED_DEVICE_FAMILY = "1,2";
				VALIDATE_PRODUCT = YES;
			};
			name = Release;
		};
		2C6FCC461DAF4AC500DA3B98 /* Debug */ = {
			isa = XCBuildConfiguration;
			buildSettings = {
				ASSETCATALOG_COMPILER_APPICON_NAME = AppIcon;
				CODE_SIGN_IDENTITY = "iPhone Developer";
				"CODE_SIGN_IDENTITY[sdk=iphoneos*]" = "iPhone Developer";
				INFOPLIST_FILE = "TableVew Dynamic Height Cell Tests/Info.plist";
				LD_RUNPATH_SEARCH_PATHS = "$(inherited) @executable_path/Frameworks";
				PRODUCT_BUNDLE_IDENTIFIER = "ru.yandex.tests.TableVew-Dynamic-Height-Cell-Tests";
				PRODUCT_NAME = "$(TARGET_NAME)";
				PROVISIONING_PROFILE = "";
			};
			name = Debug;
		};
		2C6FCC471DAF4AC500DA3B98 /* Release */ = {
			isa = XCBuildConfiguration;
			buildSettings = {
				ASSETCATALOG_COMPILER_APPICON_NAME = AppIcon;
				CODE_SIGN_IDENTITY = "iPhone Developer";
				"CODE_SIGN_IDENTITY[sdk=iphoneos*]" = "iPhone Developer";
				INFOPLIST_FILE = "TableVew Dynamic Height Cell Tests/Info.plist";
				LD_RUNPATH_SEARCH_PATHS = "$(inherited) @executable_path/Frameworks";
				PRODUCT_BUNDLE_IDENTIFIER = "ru.yandex.tests.TableVew-Dynamic-Height-Cell-Tests";
				PRODUCT_NAME = "$(TARGET_NAME)";
				PROVISIONING_PROFILE = "";
			};
			name = Release;
		};
/* End XCBuildConfiguration section */

/* Begin XCConfigurationList section */
		2C6FCC2E1DAF4AC500DA3B98 /* Build configuration list for PBXProject "TableVew Dynamic Height Cell Tests" */ = {
			isa = XCConfigurationList;
			buildConfigurations = (
				2C6FCC431DAF4AC500DA3B98 /* Debug */,
				2C6FCC441DAF4AC500DA3B98 /* Release */,
			);
			defaultConfigurationIsVisible = 0;
			defaultConfigurationName = Release;
		};
		2C6FCC451DAF4AC500DA3B98 /* Build configuration list for PBXNativeTarget "TableVew Dynamic Height Cell Tests" */ = {
			isa = XCConfigurationList;
			buildConfigurations = (
				2C6FCC461DAF4AC500DA3B98 /* Debug */,
				2C6FCC471DAF4AC500DA3B98 /* Release */,
			);
			defaultConfigurationIsVisible = 0;
			defaultConfigurationName = Release;
		};
/* End XCConfigurationList section */
	};
	rootObject = 2C6FCC2B1DAF4AC500DA3B98 /* Project object */;
}
